PODS:
  - AFNetworking (2.6.3):
    - AFNetworking/NSURLConnection (= 2.6.3)
    - AFNetworking/NSURLSession (= 2.6.3)
    - AFNetworking/Reachability (= 2.6.3)
    - AFNetworking/Security (= 2.6.3)
    - AFNetworking/Serialization (= 2.6.3)
    - AFNetworking/UIKit (= 2.6.3)
  - AFNetworking/NSURLConnection (2.6.3):
    - AFNetworking/Reachability
    - AFNetworking/Security
    - AFNetworking/Serialization
  - AFNetworking/NSURLSession (2.6.3):
    - AFNetworking/Reachability
    - AFNetworking/Security
    - AFNetworking/Serialization
  - AFNetworking/Reachability (2.6.3)
  - AFNetworking/Security (2.6.3)
  - AFNetworking/Serialization (2.6.3)
  - AFNetworking/UIKit (2.6.3):
    - AFNetworking/NSURLConnection
    - AFNetworking/NSURLSession
  - JLeeTools (0.2.3):
    - JLeeTools/JLeeCategory (= 0.2.3)
    - JLeeTools/NetWork (= 0.2.3)
  - JLeeTools/JLeeCategory (0.2.3)
  - JLeeTools/NetWork (0.2.3):
    - AFNetworking (~> 2.3)

DEPENDENCIES:
  - JLeeTools (~> 0.2.3)

SPEC CHECKSUMS:
  AFNetworking: cb8d14a848e831097108418f5d49217339d4eb60
  JLeeTools: c0c3ebd31726c2f7c8a5abfa88f9118478ead4a3

PODFILE CHECKSUM: ff30c2415e2d65f839f0d7937651cf09239758a7

COCOAPODS: 1.4.0
